
Microsoft Visual Studio Solution File, Format Version 12.00
# Visual Studio Version 17
VisualStudioVersion = 17.11.35327.3
MinimumVisualStudioVersion = 10.0.40219.1
Project("{9A19103F-16F7-4668-BE54-9A1E7A4F7556}") = "Bomber.Test", "Bomber.Test\Bomber.Test.csproj", "{7C64A78C-6FAF-403B-BB8B-4577BA3D526A}"
EndProject
Project("{9A19103F-16F7-4668-BE54-9A1E7A4F7556}") = "Bomber.WPF", "Bomber.WPF\Bomber.WPF.csproj", "{7444BF3C-F926-41A0-9DED-15A4585847C6}"
EndProject
Project("{9A19103F-16F7-4668-BE54-9A1E7A4F7556}") = "Bomber", "Bomber\Bomber.csproj", "{C7D06287-9615-494D-8FB1-F08CB26976C3}"
EndProject
Global
	GlobalSection(SolutionConfigurationPlatforms) = preSolution
		Debug|Any CPU = Debug|Any CPU
		Release|Any CPU = Release|Any CPU
	EndGlobalSection
	GlobalSection(ProjectConfigurationPlatforms) = postSolution
		{7C64A78C-6FAF-403B-BB8B-4577BA3D526A}.Debug|Any CPU.ActiveCfg = Debug|Any CPU
		{7C64A78C-6FAF-403B-BB8B-4577BA3D526A}.Debug|Any CPU.Build.0 = Debug|Any CPU
		{7C64A78C-6FAF-403B-BB8B-4577BA3D526A}.Release|Any CPU.ActiveCfg = Release|Any CPU
		{7C64A78C-6FAF-403B-BB8B-4577BA3D526A}.Release|Any CPU.Build.0 = Release|Any CPU
		{7444BF3C-F926-41A0-9DED-15A4585847C6}.Debug|Any CPU.ActiveCfg = Debug|Any CPU
		{7444BF3C-F926-41A0-9DED-15A4585847C6}.Debug|Any CPU.Build.0 = Debug|Any CPU
		{7444BF3C-F926-41A0-9DED-15A4585847C6}.Release|Any CPU.ActiveCfg = Release|Any CPU
		{7444BF3C-F926-41A0-9DED-15A4585847C6}.Release|Any CPU.Build.0 = Release|Any CPU
		{C7D06287-9615-494D-8FB1-F08CB26976C3}.Debug|Any CPU.ActiveCfg = Debug|Any CPU
		{C7D06287-9615-494D-8FB1-F08CB26976C3}.Debug|Any CPU.Build.0 = Debug|Any CPU
		{C7D06287-9615-494D-8FB1-F08CB26976C3}.Release|Any CPU.ActiveCfg = Release|Any CPU
		{C7D06287-9615-494D-8FB1-F08CB26976C3}.Release|Any CPU.Build.0 = Release|Any CPU
	EndGlobalSection
	GlobalSection(SolutionProperties) = preSolution
		HideSolutionNode = FALSE
	EndGlobalSection
	GlobalSection(ExtensibilityGlobals) = postSolution
		SolutionGuid = {660BDC3C-F872-4E96-918A-9F270B90A88B}
	EndGlobalSection
EndGlobal
